
Microsoft Visual Studio Solution File, Format Version 12.00
# Visual Studio Version 16
VisualStudioVersion = 16.0.30717.126
MinimumVisualStudioVersion = 10.0.40219.1
Project("{FAE04EC0-301F-11D3-BF4B-00C04F79EFBC}") = "SimSoftCaseServer", "SimSoftCaseServer\SimSoftCaseServer.csproj", "{4A2B12F3-9EF9-4A3C-992A-CAAE8A7E3A81}"
EndProject
Global
	GlobalSection(SolutionConfigurationPlatforms) = preSolution
		Debug|Any CPU = Debug|Any CPU
		Release|Any CPU = Release|Any CPU
	EndGlobalSection
	GlobalSection(ProjectConfigurationPlatforms) = postSolution
		{4A2B12F3-9EF9-4A3C-992A-CAAE8A7E3A81}.Debug|Any CPU.ActiveCfg = Debug|Any CPU
		{4A2B12F3-9EF9-4A3C-992A-CAAE8A7E3A81}.Debug|Any CPU.Build.0 = Debug|Any CPU
		{4A2B12F3-9EF9-4A3C-992A-CAAE8A7E3A81}.Release|Any CPU.ActiveCfg = Release|Any CPU
		{4A2B12F3-9EF9-4A3C-992A-CAAE8A7E3A81}.Release|Any CPU.Build.0 = Release|Any CPU
	EndGlobalSection
	GlobalSection(SolutionProperties) = preSolution
		HideSolutionNode = FALSE
	EndGlobalSection
	GlobalSection(ExtensibilityGlobals) = postSolution
		SolutionGuid = {60D4277E-7E02-4818-89FF-53A7D4AB7389}
	EndGlobalSection
EndGlobal
